// !$*UTF8*$!
{
	archiveVersion = 1;
	classes = {
	};
	objectVersion = 50;
	objects = {

/* Begin PBXBuildFile section */
		D6BA76262575637400A105F6 /* AppDelegate.swift in Sources */ = {isa = PBXBuildFile; fileRef = D6BA76252575637400A105F6 /* AppDelegate.swift */; };
		D6BA762D2575637400A105F6 /* Main.storyboard in Resources */ = {isa = PBXBuildFile; fileRef = D6BA762B2575637400A105F6 /* Main.storyboard */; };
		D6BA762F2575637500A105F6 /* Assets.xcassets in Resources */ = {isa = PBXBuildFile; fileRef = D6BA762E2575637500A105F6 /* Assets.xcassets */; };
		D6BA76322575637500A105F6 /* LaunchScreen.storyboard in Resources */ = {isa = PBXBuildFile; fileRef = D6BA76302575637500A105F6 /* LaunchScreen.storyboard */; };
		D6BA763D2575637500A105F6 /* AppScripPracticalTests.swift in Sources */ = {isa = PBXBuildFile; fileRef = D6BA763C2575637500A105F6 /* AppScripPracticalTests.swift */; };
		D6BA76482575637500A105F6 /* AppScripPracticalUITests.swift in Sources */ = {isa = PBXBuildFile; fileRef = D6BA76472575637500A105F6 /* AppScripPracticalUITests.swift */; };
		D6BA76762575642200A105F6 /* CoreDataFunctions.swift in Sources */ = {isa = PBXBuildFile; fileRef = D6BA765F2575642200A105F6 /* CoreDataFunctions.swift */; };
		D6BA76772575642200A105F6 /* CoreDataFunctions.swift in Sources */ = {isa = PBXBuildFile; fileRef = D6BA765F2575642200A105F6 /* CoreDataFunctions.swift */; };
		D6BA76782575642200A105F6 /* CoreDataFunctions.swift in Sources */ = {isa = PBXBuildFile; fileRef = D6BA765F2575642200A105F6 /* CoreDataFunctions.swift */; };
		D6BA76792575642200A105F6 /* BaseViewModel.swift in Sources */ = {isa = PBXBuildFile; fileRef = D6BA76632575642200A105F6 /* BaseViewModel.swift */; };
		D6BA767A2575642200A105F6 /* BaseViewModel.swift in Sources */ = {isa = PBXBuildFile; fileRef = D6BA76632575642200A105F6 /* BaseViewModel.swift */; };
		D6BA767B2575642200A105F6 /* BaseViewModel.swift in Sources */ = {isa = PBXBuildFile; fileRef = D6BA76632575642200A105F6 /* BaseViewModel.swift */; };
		D6BA767C2575642200A105F6 /* ServerErrorViewController.swift in Sources */ = {isa = PBXBuildFile; fileRef = D6BA76652575642200A105F6 /* ServerErrorViewController.swift */; };
		D6BA767D2575642200A105F6 /* ServerErrorViewController.swift in Sources */ = {isa = PBXBuildFile; fileRef = D6BA76652575642200A105F6 /* ServerErrorViewController.swift */; };
		D6BA767E2575642200A105F6 /* ServerErrorViewController.swift in Sources */ = {isa = PBXBuildFile; fileRef = D6BA76652575642200A105F6 /* ServerErrorViewController.swift */; };
		D6BA767F2575642200A105F6 /* BaseViewController.swift in Sources */ = {isa = PBXBuildFile; fileRef = D6BA76662575642200A105F6 /* BaseViewController.swift */; };
		D6BA76802575642200A105F6 /* BaseViewController.swift in Sources */ = {isa = PBXBuildFile; fileRef = D6BA76662575642200A105F6 /* BaseViewController.swift */; };
		D6BA76812575642200A105F6 /* BaseViewController.swift in Sources */ = {isa = PBXBuildFile; fileRef = D6BA76662575642200A105F6 /* BaseViewController.swift */; };
		D6BA76822575642200A105F6 /* MovieListViewModel.swift in Sources */ = {isa = PBXBuildFile; fileRef = D6BA76692575642200A105F6 /* MovieListViewModel.swift */; };
		D6BA76832575642200A105F6 /* MovieListViewModel.swift in Sources */ = {isa = PBXBuildFile; fileRef = D6BA76692575642200A105F6 /* MovieListViewModel.swift */; };
		D6BA76842575642200A105F6 /* MovieListViewModel.swift in Sources */ = {isa = PBXBuildFile; fileRef = D6BA76692575642200A105F6 /* MovieListViewModel.swift */; };
		D6BA76852575642200A105F6 /* MovieListCell.swift in Sources */ = {isa = PBXBuildFile; fileRef = D6BA766B2575642200A105F6 /* MovieListCell.swift */; };
		D6BA76862575642200A105F6 /* MovieListCell.swift in Sources */ = {isa = PBXBuildFile; fileRef = D6BA766B2575642200A105F6 /* MovieListCell.swift */; };
		D6BA76872575642200A105F6 /* MovieListCell.swift in Sources */ = {isa = PBXBuildFile; fileRef = D6BA766B2575642200A105F6 /* MovieListCell.swift */; };
		D6BA76882575642200A105F6 /* MovieModel.swift in Sources */ = {isa = PBXBuildFile; fileRef = D6BA766D2575642200A105F6 /* MovieModel.swift */; };
		D6BA76892575642200A105F6 /* MovieModel.swift in Sources */ = {isa = PBXBuildFile; fileRef = D6BA766D2575642200A105F6 /* MovieModel.swift */; };
		D6BA768A2575642200A105F6 /* MovieModel.swift in Sources */ = {isa = PBXBuildFile; fileRef = D6BA766D2575642200A105F6 /* MovieModel.swift */; };
		D6BA768B2575642200A105F6 /* MovieListViewController.swift in Sources */ = {isa = PBXBuildFile; fileRef = D6BA766F2575642200A105F6 /* MovieListViewController.swift */; };
		D6BA768C2575642200A105F6 /* MovieListViewController.swift in Sources */ = {isa = PBXBuildFile; fileRef = D6BA766F2575642200A105F6 /* MovieListViewController.swift */; };
		D6BA768D2575642200A105F6 /* MovieListViewController.swift in Sources */ = {isa = PBXBuildFile; fileRef = D6BA766F2575642200A105F6 /* MovieListViewController.swift */; };
		D6BA768E2575642200A105F6 /* DetailViewModel.swift in Sources */ = {isa = PBXBuildFile; fileRef = D6BA76722575642200A105F6 /* DetailViewModel.swift */; };
		D6BA768F2575642200A105F6 /* DetailViewModel.swift in Sources */ = {isa = PBXBuildFile; fileRef = D6BA76722575642200A105F6 /* DetailViewModel.swift */; };
		D6BA76902575642200A105F6 /* DetailViewModel.swift in Sources */ = {isa = PBXBuildFile; fileRef = D6BA76722575642200A105F6 /* DetailViewModel.swift */; };
		D6BA76912575642200A105F6 /* DetailViewController.swift in Sources */ = {isa = PBXBuildFile; fileRef = D6BA76752575642200A105F6 /* DetailViewController.swift */; };
		D6BA76922575642200A105F6 /* DetailViewController.swift in Sources */ = {isa = PBXBuildFile; fileRef = D6BA76752575642200A105F6 /* DetailViewController.swift */; };
		D6BA76932575642200A105F6 /* DetailViewController.swift in Sources */ = {isa = PBXBuildFile; fileRef = D6BA76752575642200A105F6 /* DetailViewController.swift */; };
/* End PBXBuildFile section */

/* Begin PBXContainerItemProxy section */
		D6BA76392575637500A105F6 /* PBXContainerItemProxy */ = {
			isa = PBXContainerItemProxy;
			containerPortal = D6BA761A2575637300A105F6 /* Project object */;
			proxyType = 1;
			remoteGlobalIDString = D6BA76212575637400A105F6;
			remoteInfo = AppScripPractical;
		};
		D6BA76442575637500A105F6 /* PBXContainerItemProxy */ = {
			isa = PBXContainerItemProxy;
			containerPortal = D6BA761A2575637300A105F6 /* Project object */;
			proxyType = 1;
			remoteGlobalIDString = D6BA76212575637400A105F6;
			remoteInfo = AppScripPractical;
		};
/* End PBXContainerItemProxy section */

/* Begin PBXFileReference section */
		D6BA76222575637400A105F6 /* AppScripPractical.app */ = {isa = PBXFileReference; explicitFileType = wrapper.application; includeInIndex = 0; path = AppScripPractical.app; sourceTree = BUILT_PRODUCTS_DIR; };
		D6BA76252575637400A105F6 /* AppDelegate.swift */ = {isa = PBXFileReference; lastKnownFileType = sourcecode.swift; path = AppDelegate.swift; sourceTree = "<group>"; };
		D6BA762C2575637400A105F6 /* Base */ = {isa = PBXFileReference; lastKnownFileType = file.storyboard; name = Base; path = Base.lproj/Main.storyboard; sourceTree = "<group>"; };
		D6BA762E2575637500A105F6 /* Assets.xcassets */ = {isa = PBXFileReference; lastKnownFileType = folder.assetcatalog; path = Assets.xcassets; sourceTree = "<group>"; };
		D6BA76312575637500A105F6 /* Base */ = {isa = PBXFileReference; lastKnownFileType = file.storyboard; name = Base; path = Base.lproj/LaunchScreen.storyboard; sourceTree = "<group>"; };
		D6BA76332575637500A105F6 /* Info.plist */ = {isa = PBXFileReference; lastKnownFileType = text.plist.xml; path = Info.plist; sourceTree = "<group>"; };
		D6BA76382575637500A105F6 /* AppScripPracticalTests.xctest */ = {isa = PBXFileReference; explicitFileType = wrapper.cfbundle; includeInIndex = 0; path = AppScripPracticalTests.xctest; sourceTree = BUILT_PRODUCTS_DIR; };
		D6BA763C2575637500A105F6 /* AppScripPracticalTests.swift */ = {isa = PBXFileReference; lastKnownFileType = sourcecode.swift; path = AppScripPracticalTests.swift; sourceTree = "<group>"; };
		D6BA763E2575637500A105F6 /* Info.plist */ = {isa = PBXFileReference; lastKnownFileType = text.plist.xml; path = Info.plist; sourceTree = "<group>"; };
		D6BA76432575637500A105F6 /* AppScripPracticalUITests.xctest */ = {isa = PBXFileReference; explicitFileType = wrapper.cfbundle; includeInIndex = 0; path = AppScripPracticalUITests.xctest; sourceTree = BUILT_PRODUCTS_DIR; };
		D6BA76472575637500A105F6 /* AppScripPracticalUITests.swift */ = {isa = PBXFileReference; lastKnownFileType = sourcecode.swift; path = AppScripPracticalUITests.swift; sourceTree = "<group>"; };
		D6BA76492575637500A105F6 /* Info.plist */ = {isa = PBXFileReference; lastKnownFileType = text.plist.xml; path = Info.plist; sourceTree = "<group>"; };
		D6BA765F2575642200A105F6 /* CoreDataFunctions.swift */ = {isa = PBXFileReference; fileEncoding = 4; lastKnownFileType = sourcecode.swift; path = CoreDataFunctions.swift; sourceTree = "<group>"; };
		D6BA76632575642200A105F6 /* BaseViewModel.swift */ = {isa = PBXFileReference; fileEncoding = 4; lastKnownFileType = sourcecode.swift; path = BaseViewModel.swift; sourceTree = "<group>"; };
		D6BA76652575642200A105F6 /* ServerErrorViewController.swift */ = {isa = PBXFileReference; fileEncoding = 4; lastKnownFileType = sourcecode.swift; path = ServerErrorViewController.swift; sourceTree = "<group>"; };
		D6BA76662575642200A105F6 /* BaseViewController.swift */ = {isa = PBXFileReference; fileEncoding = 4; lastKnownFileType = sourcecode.swift; path = BaseViewController.swift; sourceTree = "<group>"; };
		D6BA76692575642200A105F6 /* MovieListViewModel.swift */ = {isa = PBXFileReference; fileEncoding = 4; lastKnownFileType = sourcecode.swift; path = MovieListViewModel.swift; sourceTree = "<group>"; };
		D6BA766B2575642200A105F6 /* MovieListCell.swift */ = {isa = PBXFileReference; fileEncoding = 4; lastKnownFileType = sourcecode.swift; path = MovieListCell.swift; sourceTree = "<group>"; };
		D6BA766D2575642200A105F6 /* MovieModel.swift */ = {isa = PBXFileReference; fileEncoding = 4; lastKnownFileType = sourcecode.swift; path = MovieModel.swift; sourceTree = "<group>"; };
		D6BA766F2575642200A105F6 /* MovieListViewController.swift */ = {isa = PBXFileReference; fileEncoding = 4; lastKnownFileType = sourcecode.swift; path = MovieListViewController.swift; sourceTree = "<group>"; };
		D6BA76722575642200A105F6 /* DetailViewModel.swift */ = {isa = PBXFileReference; fileEncoding = 4; lastKnownFileType = sourcecode.swift; path = DetailViewModel.swift; sourceTree = "<group>"; };
		D6BA76752575642200A105F6 /* DetailViewController.swift */ = {isa = PBXFileReference; fileEncoding = 4; lastKnownFileType = sourcecode.swift; path = DetailViewController.swift; sourceTree = "<group>"; };
/* End PBXFileReference section */

/* Begin PBXFrameworksBuildPhase section */
		D6BA761F2575637400A105F6 /* Frameworks */ = {
			isa = PBXFrameworksBuildPhase;
			buildActionMask = 2147483647;
			files = (
			);
			runOnlyForDeploymentPostprocessing = 0;
		};
		D6BA76352575637500A105F6 /* Frameworks */ = {
			isa = PBXFrameworksBuildPhase;
			buildActionMask = 2147483647;
			files = (
			);
			runOnlyForDeploymentPostprocessing = 0;
		};
		D6BA76402575637500A105F6 /* Frameworks */ = {
			isa = PBXFrameworksBuildPhase;
			buildActionMask = 2147483647;
			files = (
			);
			runOnlyForDeploymentPostprocessing = 0;
		};
/* End PBXFrameworksBuildPhase section */

/* Begin PBXGroup section */
		D6BA76192575637300A105F6 = {
			isa = PBXGroup;
			children = (
				D6BA76242575637400A105F6 /* AppScripPractical */,
				D6BA763B2575637500A105F6 /* AppScripPracticalTests */,
				D6BA76462575637500A105F6 /* AppScripPracticalUITests */,
				D6BA76232575637400A105F6 /* Products */,
			);
			sourceTree = "<group>";
		};
		D6BA76232575637400A105F6 /* Products */ = {
			isa = PBXGroup;
			children = (
				D6BA76222575637400A105F6 /* AppScripPractical.app */,
				D6BA76382575637500A105F6 /* AppScripPracticalTests.xctest */,
				D6BA76432575637500A105F6 /* AppScripPracticalUITests.xctest */,
			);
			name = Products;
			sourceTree = "<group>";
		};
		D6BA76242575637400A105F6 /* AppScripPractical */ = {
			isa = PBXGroup;
			children = (
				D6BA76252575637400A105F6 /* AppDelegate.swift */,
				D6BA76602575642200A105F6 /* Designs */,
				D6BA765E2575642200A105F6 /* Utility */,
				D6BA762B2575637400A105F6 /* Main.storyboard */,
				D6BA762E2575637500A105F6 /* Assets.xcassets */,
				D6BA76302575637500A105F6 /* LaunchScreen.storyboard */,
				D6BA76332575637500A105F6 /* Info.plist */,
			);
			path = AppScripPractical;
			sourceTree = "<group>";
		};
		D6BA763B2575637500A105F6 /* AppScripPracticalTests */ = {
			isa = PBXGroup;
			children = (
				D6BA763C2575637500A105F6 /* AppScripPracticalTests.swift */,
				D6BA763E2575637500A105F6 /* Info.plist */,
			);
			path = AppScripPracticalTests;
			sourceTree = "<group>";
		};
		D6BA76462575637500A105F6 /* AppScripPracticalUITests */ = {
			isa = PBXGroup;
			children = (
				D6BA76472575637500A105F6 /* AppScripPracticalUITests.swift */,
				D6BA76492575637500A105F6 /* Info.plist */,
			);
			path = AppScripPracticalUITests;
			sourceTree = "<group>";
		};
		D6BA765E2575642200A105F6 /* Utility */ = {
			isa = PBXGroup;
			children = (
				D6BA765F2575642200A105F6 /* CoreDataFunctions.swift */,
			);
			path = Utility;
			sourceTree = "<group>";
		};
		D6BA76602575642200A105F6 /* Designs */ = {
			isa = PBXGroup;
			children = (
				D6BA76612575642200A105F6 /* Base View */,
				D6BA76672575642200A105F6 /* AudioListController */,
				D6BA76702575642200A105F6 /* DetailController */,
			);
			path = Designs;
			sourceTree = "<group>";
		};
		D6BA76612575642200A105F6 /* Base View */ = {
			isa = PBXGroup;
			children = (
				D6BA76622575642200A105F6 /* ViewModel */,
				D6BA76642575642200A105F6 /* ViewController */,
			);
			path = "Base View";
			sourceTree = "<group>";
		};
		D6BA76622575642200A105F6 /* ViewModel */ = {
			isa = PBXGroup;
			children = (
				D6BA76632575642200A105F6 /* BaseViewModel.swift */,
			);
			path = ViewModel;
			sourceTree = "<group>";
		};
		D6BA76642575642200A105F6 /* ViewController */ = {
			isa = PBXGroup;
			children = (
				D6BA76652575642200A105F6 /* ServerErrorViewController.swift */,
				D6BA76662575642200A105F6 /* BaseViewController.swift */,
			);
			path = ViewController;
			sourceTree = "<group>";
		};
		D6BA76672575642200A105F6 /* AudioListController */ = {
			isa = PBXGroup;
			children = (
				D6BA76682575642200A105F6 /* ViewModel */,
				D6BA766A2575642200A105F6 /* Cells */,
				D6BA766C2575642200A105F6 /* Model */,
				D6BA766E2575642200A105F6 /* ViewController */,
			);
			path = AudioListController;
			sourceTree = "<group>";
		};
		D6BA76682575642200A105F6 /* ViewModel */ = {
			isa = PBXGroup;
			children = (
				D6BA76692575642200A105F6 /* MovieListViewModel.swift */,
			);
			path = ViewModel;
			sourceTree = "<group>";
		};
		D6BA766A2575642200A105F6 /* Cells */ = {
			isa = PBXGroup;
			children = (
				D6BA766B2575642200A105F6 /* MovieListCell.swift */,
			);
			path = Cells;
			sourceTree = "<group>";
		};
		D6BA766C2575642200A105F6 /* Model */ = {
			isa = PBXGroup;
			children = (
				D6BA766D2575642200A105F6 /* MovieModel.swift */,
			);
			path = Model;
			sourceTree = "<group>";
		};
		D6BA766E2575642200A105F6 /* ViewController */ = {
			isa = PBXGroup;
			children = (
				D6BA766F2575642200A105F6 /* MovieListViewController.swift */,
			);
			path = ViewController;
			sourceTree = "<group>";
		};
		D6BA76702575642200A105F6 /* DetailController */ = {
			isa = PBXGroup;
			children = (
				D6BA76712575642200A105F6 /* ViewModel */,
				D6BA76742575642200A105F6 /* ViewController */,
			);
			path = DetailController;
			sourceTree = "<group>";
		};
		D6BA76712575642200A105F6 /* ViewModel */ = {
			isa = PBXGroup;
			children = (
				D6BA76722575642200A105F6 /* DetailViewModel.swift */,
			);
			path = ViewModel;
			sourceTree = "<group>";
		};
		D6BA76742575642200A105F6 /* ViewController */ = {
			isa = PBXGroup;
			children = (
				D6BA76752575642200A105F6 /* DetailViewController.swift */,
			);
			path = ViewController;
			sourceTree = "<group>";
		};
/* End PBXGroup section */

/* Begin PBXNativeTarget section */
		D6BA76212575637400A105F6 /* AppScripPractical */ = {
			isa = PBXNativeTarget;
			buildConfigurationList = D6BA764C2575637500A105F6 /* Build configuration list for PBXNativeTarget "AppScripPractical" */;
			buildPhases = (
				D6BA761E2575637400A105F6 /* Sources */,
				D6BA761F2575637400A105F6 /* Frameworks */,
				D6BA76202575637400A105F6 /* Resources */,
			);
			buildRules = (
			);
			dependencies = (
			);
			name = AppScripPractical;
			productName = AppScripPractical;
			productReference = D6BA76222575637400A105F6 /* AppScripPractical.app */;
			productType = "com.apple.product-type.application";
		};
		D6BA76372575637500A105F6 /* AppScripPracticalTests */ = {
			isa = PBXNativeTarget;
			buildConfigurationList = D6BA764F2575637500A105F6 /* Build configuration list for PBXNativeTarget "AppScripPracticalTests" */;
			buildPhases = (
				D6BA76342575637500A105F6 /* Sources */,
				D6BA76352575637500A105F6 /* Frameworks */,
				D6BA76362575637500A105F6 /* Resources */,
			);
			buildRules = (
			);
			dependencies = (
				D6BA763A2575637500A105F6 /* PBXTargetDependency */,
			);
			name = AppScripPracticalTests;
			productName = AppScripPracticalTests;
			productReference = D6BA76382575637500A105F6 /* AppScripPracticalTests.xctest */;
			productType = "com.apple.product-type.bundle.unit-test";
		};
		D6BA76422575637500A105F6 /* AppScripPracticalUITests */ = {
			isa = PBXNativeTarget;
			buildConfigurationList = D6BA76522575637500A105F6 /* Build configuration list for PBXNativeTarget "AppScripPracticalUITests" */;
			buildPhases = (
				D6BA763F2575637500A105F6 /* Sources */,
				D6BA76402575637500A105F6 /* Frameworks */,
				D6BA76412575637500A105F6 /* Resources */,
			);
			buildRules = (
			);
			dependencies = (
				D6BA76452575637500A105F6 /* PBXTargetDependency */,
			);
			name = AppScripPracticalUITests;
			productName = AppScripPracticalUITests;
			productReference = D6BA76432575637500A105F6 /* AppScripPracticalUITests.xctest */;
			productType = "com.apple.product-type.bundle.ui-testing";
		};
/* End PBXNativeTarget section */

/* Begin PBXProject section */
		D6BA761A2575637300A105F6 /* Project object */ = {
			isa = PBXProject;
			attributes = {
				LastSwiftUpdateCheck = 1210;
				LastUpgradeCheck = 1210;
				TargetAttributes = {
					D6BA76212575637400A105F6 = {
						CreatedOnToolsVersion = 12.1;
					};
					D6BA76372575637500A105F6 = {
						CreatedOnToolsVersion = 12.1;
						TestTargetID = D6BA76212575637400A105F6;
					};
					D6BA76422575637500A105F6 = {
						CreatedOnToolsVersion = 12.1;
						TestTargetID = D6BA76212575637400A105F6;
					};
				};
			};
			buildConfigurationList = D6BA761D2575637300A105F6 /* Build configuration list for PBXProject "AppScripPractical" */;
			compatibilityVersion = "Xcode 9.3";
			developmentRegion = en;
			hasScannedForEncodings = 0;
			knownRegions = (
				en,
				Base,
			);
			mainGroup = D6BA76192575637300A105F6;
			productRefGroup = D6BA76232575637400A105F6 /* Products */;
			projectDirPath = "";
			projectRoot = "";
			targets = (
				D6BA76212575637400A105F6 /* AppScripPractical */,
				D6BA76372575637500A105F6 /* AppScripPracticalTests */,
				D6BA76422575637500A105F6 /* AppScripPracticalUITests */,
			);
		};
/* End PBXProject section */

/* Begin PBXResourcesBuildPhase section */
		D6BA76202575637400A105F6 /* Resources */ = {
			isa = PBXResourcesBuildPhase;
			buildActionMask = 2147483647;
			files = (
				D6BA76322575637500A105F6 /* LaunchScreen.storyboard in Resources */,
				D6BA762F2575637500A105F6 /* Assets.xcassets in Resources */,
				D6BA762D2575637400A105F6 /* Main.storyboard in Resources */,
			);
			runOnlyForDeploymentPostprocessing = 0;
		};
		D6BA76362575637500A105F6 /* Resources */ = {
			isa = PBXResourcesBuildPhase;
			buildActionMask = 2147483647;
			files = (
			);
			runOnlyForDeploymentPostprocessing = 0;
		};
		D6BA76412575637500A105F6 /* Resources */ = {
			isa = PBXResourcesBuildPhase;
			buildActionMask = 2147483647;
			files = (
			);
			runOnlyForDeploymentPostprocessing = 0;
		};
/* End PBXResourcesBuildPhase section */

/* Begin PBXSourcesBuildPhase section */
		D6BA761E2575637400A105F6 /* Sources */ = {
			isa = PBXSourcesBuildPhase;
			buildActionMask = 2147483647;
			files = (
				D6BA76762575642200A105F6 /* CoreDataFunctions.swift in Sources */,
				D6BA767C2575642200A105F6 /* ServerErrorViewController.swift in Sources */,
				D6BA76822575642200A105F6 /* MovieListViewModel.swift in Sources */,
				D6BA76912575642200A105F6 /* DetailViewController.swift in Sources */,
				D6BA76852575642200A105F6 /* MovieListCell.swift in Sources */,
				D6BA76882575642200A105F6 /* MovieModel.swift in Sources */,
				D6BA76792575642200A105F6 /* BaseViewModel.swift in Sources */,
				D6BA76262575637400A105F6 /* AppDelegate.swift in Sources */,
				D6BA767F2575642200A105F6 /* BaseViewController.swift in Sources */,
				D6BA768E2575642200A105F6 /* DetailViewModel.swift in Sources */,
				D6BA768B2575642200A105F6 /* MovieListViewController.swift in Sources */,
			);
			runOnlyForDeploymentPostprocessing = 0;
		};
		D6BA76342575637500A105F6 /* Sources */ = {
			isa = PBXSourcesBuildPhase;
			buildActionMask = 2147483647;
			files = (
				D6BA76922575642200A105F6 /* DetailViewController.swift in Sources */,
				D6BA76802575642200A105F6 /* BaseViewController.swift in Sources */,
				D6BA76772575642200A105F6 /* CoreDataFunctions.swift in Sources */,
				D6BA763D2575637500A105F6 /* AppScripPracticalTests.swift in Sources */,
				D6BA768F2575642200A105F6 /* DetailViewModel.swift in Sources */,
				D6BA768C2575642200A105F6 /* MovieListViewController.swift in Sources */,
				D6BA76862575642200A105F6 /* MovieListCell.swift in Sources */,
				D6BA767D2575642200A105F6 /* ServerErrorViewController.swift in Sources */,
				D6BA76892575642200A105F6 /* MovieModel.swift in Sources */,
				D6BA767A2575642200A105F6 /* BaseViewModel.swift in Sources */,
				D6BA76832575642200A105F6 /* MovieListViewModel.swift in Sources */,
			);
			runOnlyForDeploymentPostprocessing = 0;
		};
		D6BA763F2575637500A105F6 /* Sources */ = {
			isa = PBXSourcesBuildPhase;
			buildActionMask = 2147483647;
			files = (
				D6BA76932575642200A105F6 /* DetailViewController.swift in Sources */,
				D6BA76812575642200A105F6 /* BaseViewController.swift in Sources */,
				D6BA76782575642200A105F6 /* CoreDataFunctions.swift in Sources */,
				D6BA76482575637500A105F6 /* AppScripPracticalUITests.swift in Sources */,
				D6BA76902575642200A105F6 /* DetailViewModel.swift in Sources */,
				D6BA768D2575642200A105F6 /* MovieListViewController.swift in Sources */,
				D6BA76872575642200A105F6 /* MovieListCell.swift in Sources */,
				D6BA767E2575642200A105F6 /* ServerErrorViewController.swift in Sources */,
				D6BA768A2575642200A105F6 /* MovieModel.swift in Sources */,
				D6BA767B2575642200A105F6 /* BaseViewModel.swift in Sources */,
				D6BA76842575642200A105F6 /* MovieListViewModel.swift in Sources */,
			);
			runOnlyForDeploymentPostprocessing = 0;
		};
/* End PBXSourcesBuildPhase section */

/* Begin PBXTargetDependency section */
		D6BA763A2575637500A105F6 /* PBXTargetDependency */ = {
			isa = PBXTargetDependency;
			target = D6BA76212575637400A105F6 /* AppScripPractical */;
			targetProxy = D6BA76392575637500A105F6 /* PBXContainerItemProxy */;
		};
		D6BA76452575637500A105F6 /* PBXTargetDependency */ = {
			isa = PBXTargetDependency;
			target = D6BA76212575637400A105F6 /* AppScripPractical */;
			targetProxy = D6BA76442575637500A105F6 /* PBXContainerItemProxy */;
		};
/* End PBXTargetDependency section */

/* Begin PBXVariantGroup section */
		D6BA762B2575637400A105F6 /* Main.storyboard */ = {
			isa = PBXVariantGroup;
			children = (
				D6BA762C2575637400A105F6 /* Base */,
			);
			name = Main.storyboard;
			sourceTree = "<group>";
		};
		D6BA76302575637500A105F6 /* LaunchScreen.storyboard */ = {
			isa = PBXVariantGroup;
			children = (
				D6BA76312575637500A105F6 /* Base */,
			);
			name = LaunchScreen.storyboard;
			sourceTree = "<group>";
		};
/* End PBXVariantGroup section */

/* Begin XCBuildConfiguration section */
		D6BA764A2575637500A105F6 /* Debug */ = {
			isa = XCBuildConfiguration;
			buildSettings = {
				ALWAYS_SEARCH_USER_PATHS = NO;
				CLANG_ANALYZER_NONNULL = YES;
				CLANG_ANALYZER_NUMBER_OBJECT_CONVERSION = YES_AGGRESSIVE;
				CLANG_CXX_LANGUAGE_STANDARD = "gnu++14";
				CLANG_CXX_LIBRARY = "libc++";
				CLANG_ENABLE_MODULES = YES;
				CLANG_ENABLE_OBJC_ARC = YES;
				CLANG_ENABLE_OBJC_WEAK = YES;
				CLANG_WARN_BLOCK_CAPTURE_AUTORELEASING = YES;
				CLANG_WARN_BOOL_CONVERSION = YES;
				CLANG_WARN_COMMA = YES;
				CLANG_WARN_CONSTANT_CONVERSION = YES;
				CLANG_WARN_DEPRECATED_OBJC_IMPLEMENTATIONS = YES;
				CLANG_WARN_DIRECT_OBJC_ISA_USAGE = YES_ERROR;
				CLANG_WARN_DOCUMENTATION_COMMENTS = YES;
				CLANG_WARN_EMPTY_BODY = YES;
				CLANG_WARN_ENUM_CONVERSION = YES;
				CLANG_WARN_INFINITE_RECURSION = YES;
				CLANG_WARN_INT_CONVERSION = YES;
				CLANG_WARN_NON_LITERAL_NULL_CONVERSION = YES;
				CLANG_WARN_OBJC_IMPLICIT_RETAIN_SELF = YES;
				CLANG_WARN_OBJC_LITERAL_CONVERSION = YES;
				CLANG_WARN_OBJC_ROOT_CLASS = YES_ERROR;
				CLANG_WARN_QUOTED_INCLUDE_IN_FRAMEWORK_HEADER = YES;
				CLANG_WARN_RANGE_LOOP_ANALYSIS = YES;
				CLANG_WARN_STRICT_PROTOTYPES = YES;
				CLANG_WARN_SUSPICIOUS_MOVE = YES;
				CLANG_WARN_UNGUARDED_AVAILABILITY = YES_AGGRESSIVE;
				CLANG_WARN_UNREACHABLE_CODE = YES;
				CLANG_WARN__DUPLICATE_METHOD_MATCH = YES;
				COPY_PHASE_STRIP = NO;
				DEBUG_INFORMATION_FORMAT = dwarf;
				ENABLE_STRICT_OBJC_MSGSEND = YES;
				ENABLE_TESTABILITY = YES;
				GCC_C_LANGUAGE_STANDARD = gnu11;
				GCC_DYNAMIC_NO_PIC = NO;
				GCC_NO_COMMON_BLOCKS = YES;
				GCC_OPTIMIZATION_LEVEL = 0;
				GCC_PREPROCESSOR_DEFINITIONS = (
					"DEBUG=1",
					"$(inherited)",
				);
				GCC_WARN_64_TO_32_BIT_CONVERSION = YES;
				GCC_WARN_ABOUT_RETURN_TYPE = YES_ERROR;
				GCC_WARN_UNDECLARED_SELECTOR = YES;
				GCC_WARN_UNINITIALIZED_AUTOS = YES_AGGRESSIVE;
				GCC_WARN_UNUSED_FUNCTION = YES;
				GCC_WARN_UNUSED_VARIABLE = YES;
				IPHONEOS_DEPLOYMENT_TARGET = 14.1;
				MTL_ENABLE_DEBUG_INFO = INCLUDE_SOURCE;
				MTL_FAST_MATH = YES;
				ONLY_ACTIVE_ARCH = YES;
				SDKROOT = iphoneos;
				SWIFT_ACTIVE_COMPILATION_CONDITIONS = DEBUG;
				SWIFT_OPTIMIZATION_LEVEL = "-Onone";
			};
			name = Debug;
		};
		D6BA764B2575637500A105F6 /* Release */ = {
			isa = XCBuildConfiguration;
			buildSettings = {
				ALWAYS_SEARCH_USER_PATHS = NO;
				CLANG_ANALYZER_NONNULL = YES;
				CLANG_ANALYZER_NUMBER_OBJECT_CONVERSION = YES_AGGRESSIVE;
				CLANG_CXX_LANGUAGE_STANDARD = "gnu++14";
				CLANG_CXX_LIBRARY = "libc++";
				CLANG_ENABLE_MODULES = YES;
				CLANG_ENABLE_OBJC_ARC = YES;
				CLANG_ENABLE_OBJC_WEAK = YES;
				CLANG_WARN_BLOCK_CAPTURE_AUTORELEASING = YES;
				CLANG_WARN_BOOL_CONVERSION = YES;
				CLANG_WARN_COMMA = YES;
				CLANG_WARN_CONSTANT_CONVERSION = YES;
				CLANG_WARN_DEPRECATED_OBJC_IMPLEMENTATIONS = YES;
				CLANG_WARN_DIRECT_OBJC_ISA_USAGE = YES_ERROR;
				CLANG_WARN_DOCUMENTATION_COMMENTS = YES;
				CLANG_WARN_EMPTY_BODY = YES;
				CLANG_WARN_ENUM_CONVERSION = YES;
				CLANG_WARN_INFINITE_RECURSION = YES;
				CLANG_WARN_INT_CONVERSION = YES;
				CLANG_WARN_NON_LITERAL_NULL_CONVERSION = YES;
				CLANG_WARN_OBJC_IMPLICIT_RETAIN_SELF = YES;
				CLANG_WARN_OBJC_LITERAL_CONVERSION = YES;
				CLANG_WARN_OBJC_ROOT_CLASS = YES_ERROR;
				CLANG_WARN_QUOTED_INCLUDE_IN_FRAMEWORK_HEADER = YES;
				CLANG_WARN_RANGE_LOOP_ANALYSIS = YES;
				CLANG_WARN_STRICT_PROTOTYPES = YES;
				CLANG_WARN_SUSPICIOUS_MOVE = YES;
				CLANG_WARN_UNGUARDED_AVAILABILITY = YES_AGGRESSIVE;
				CLANG_WARN_UNREACHABLE_CODE = YES;
				CLANG_WARN__DUPLICATE_METHOD_MATCH = YES;
				COPY_PHASE_STRIP = NO;
				DEBUG_INFORMATION_FORMAT = "dwarf-with-dsym";
				ENABLE_NS_ASSERTIONS = NO;
				ENABLE_STRICT_OBJC_MSGSEND = YES;
				GCC_C_LANGUAGE_STANDARD = gnu11;
				GCC_NO_COMMON_BLOCKS = YES;
				GCC_WARN_64_TO_32_BIT_CONVERSION = YES;
				GCC_WARN_ABOUT_RETURN_TYPE = YES_ERROR;
				GCC_WARN_UNDECLARED_SELECTOR = YES;
				GCC_WARN_UNINITIALIZED_AUTOS = YES_AGGRESSIVE;
				GCC_WARN_UNUSED_FUNCTION = YES;
				GCC_WARN_UNUSED_VARIABLE = YES;
				IPHONEOS_DEPLOYMENT_TARGET = 14.1;
				MTL_ENABLE_DEBUG_INFO = NO;
				MTL_FAST_MATH = YES;
				SDKROOT = iphoneos;
				SWIFT_COMPILATION_MODE = wholemodule;
				SWIFT_OPTIMIZATION_LEVEL = "-O";
				VALIDATE_PRODUCT = YES;
			};
			name = Release;
		};
		D6BA764D2575637500A105F6 /* Debug */ = {
			isa = XCBuildConfiguration;
			buildSettings = {
				ASSETCATALOG_COMPILER_APPICON_NAME = AppIcon;
				ASSETCATALOG_COMPILER_GLOBAL_ACCENT_COLOR_NAME = AccentColor;
				CODE_SIGN_STYLE = Automatic;
				INFOPLIST_FILE = AppScripPractical/Info.plist;
				LD_RUNPATH_SEARCH_PATHS = (
					"$(inherited)",
					"@executable_path/Frameworks",
				);
				PRODUCT_BUNDLE_IDENTIFIER = com.developer.AppScripPractical;
				PRODUCT_NAME = "$(TARGET_NAME)";
				SWIFT_VERSION = 5.0;
				TARGETED_DEVICE_FAMILY = "1,2";
			};
			name = Debug;
		};
		D6BA764E2575637500A105F6 /* Release */ = {
			isa = XCBuildConfiguration;
			buildSettings = {
				ASSETCATALOG_COMPILER_APPICON_NAME = AppIcon;
				ASSETCATALOG_COMPILER_GLOBAL_ACCENT_COLOR_NAME = AccentColor;
				CODE_SIGN_STYLE = Automatic;
				INFOPLIST_FILE = AppScripPractical/Info.plist;
				LD_RUNPATH_SEARCH_PATHS = (
					"$(inherited)",
					"@executable_path/Frameworks",
				);
				PRODUCT_BUNDLE_IDENTIFIER = com.developer.AppScripPractical;
				PRODUCT_NAME = "$(TARGET_NAME)";
				SWIFT_VERSION = 5.0;
				TARGETED_DEVICE_FAMILY = "1,2";
			};
			name = Release;
		};
		D6BA76502575637500A105F6 /* Debug */ = {
			isa = XCBuildConfiguration;
			buildSettings = {
				ALWAYS_EMBED_SWIFT_STANDARD_LIBRARIES = YES;
				BUNDLE_LOADER = "$(TEST_HOST)";
				CODE_SIGN_STYLE = Automatic;
				INFOPLIST_FILE = AppScripPracticalTests/Info.plist;
				IPHONEOS_DEPLOYMENT_TARGET = 14.1;
				LD_RUNPATH_SEARCH_PATHS = (
					"$(inherited)",
					"@executable_path/Frameworks",
					"@loader_path/Frameworks",
				);
				PRODUCT_BUNDLE_IDENTIFIER = com.developer.AppScripPracticalTests;
				PRODUCT_NAME = "$(TARGET_NAME)";
				SWIFT_VERSION = 5.0;
				TARGETED_DEVICE_FAMILY = "1,2";
				TEST_HOST = "$(BUILT_PRODUCTS_DIR)/AppScripPractical.app/AppScripPractical";
			};
			name = Debug;
		};
		D6BA76512575637500A105F6 /* Release */ = {
			isa = XCBuildConfiguration;
			buildSettings = {
				ALWAYS_EMBED_SWIFT_STANDARD_LIBRARIES = YES;
				BUNDLE_LOADER = "$(TEST_HOST)";
				CODE_SIGN_STYLE = Automatic;
				INFOPLIST_FILE = AppScripPracticalTests/Info.plist;
				IPHONEOS_DEPLOYMENT_TARGET = 14.1;
				LD_RUNPATH_SEARCH_PATHS = (
					"$(inherited)",
					"@executable_path/Frameworks",
					"@loader_path/Frameworks",
				);
				PRODUCT_BUNDLE_IDENTIFIER = com.developer.AppScripPracticalTests;
				PRODUCT_NAME = "$(TARGET_NAME)";
				SWIFT_VERSION = 5.0;
				TARGETED_DEVICE_FAMILY = "1,2";
				TEST_HOST = "$(BUILT_PRODUCTS_DIR)/AppScripPractical.app/AppScripPractical";
			};
			name = Release;
		};
		D6BA76532575637500A105F6 /* Debug */ = {
			isa = XCBuildConfiguration;
			buildSettings = {
				ALWAYS_EMBED_SWIFT_STANDARD_LIBRARIES = YES;
				CODE_SIGN_STYLE = Automatic;
				INFOPLIST_FILE = AppScripPracticalUITests/Info.plist;
				LD_RUNPATH_SEARCH_PATHS = (
					"$(inherited)",
					"@executable_path/Frameworks",
					"@loader_path/Frameworks",
				);
				PRODUCT_BUNDLE_IDENTIFIER = com.developer.AppScripPracticalUITests;
				PRODUCT_NAME = "$(TARGET_NAME)";
				SWIFT_VERSION = 5.0;
				TARGETED_DEVICE_FAMILY = "1,2";
				TEST_TARGET_NAME = AppScripPractical;
			};
			name = Debug;
		};
		D6BA76542575637500A105F6 /* Release */ = {
			isa = XCBuildConfiguration;
			buildSettings = {
				ALWAYS_EMBED_SWIFT_STANDARD_LIBRARIES = YES;
				CODE_SIGN_STYLE = Automatic;
				INFOPLIST_FILE = AppScripPracticalUITests/Info.plist;
				LD_RUNPATH_SEARCH_PATHS = (
					"$(inherited)",
					"@executable_path/Frameworks",
					"@loader_path/Frameworks",
				);
				PRODUCT_BUNDLE_IDENTIFIER = com.developer.AppScripPracticalUITests;
				PRODUCT_NAME = "$(TARGET_NAME)";
				SWIFT_VERSION = 5.0;
				TARGETED_DEVICE_FAMILY = "1,2";
				TEST_TARGET_NAME = AppScripPractical;
			};
			name = Release;
		};
/* End XCBuildConfiguration section */

/* Begin XCConfigurationList section */
		D6BA761D2575637300A105F6 /* Build configuration list for PBXProject "AppScripPractical" */ = {
			isa = XCConfigurationList;
			buildConfigurations = (
				D6BA764A2575637500A105F6 /* Debug */,
				D6BA764B2575637500A105F6 /* Release */,
			);
			defaultConfigurationIsVisible = 0;
			defaultConfigurationName = Release;
		};
		D6BA764C2575637500A105F6 /* Build configuration list for PBXNativeTarget "AppScripPractical" */ = {
			isa = XCConfigurationList;
			buildConfigurations = (
				D6BA764D2575637500A105F6 /* Debug */,
				D6BA764E2575637500A105F6 /* Release */,
			);
			defaultConfigurationIsVisible = 0;
			defaultConfigurationName = Release;
		};
		D6BA764F2575637500A105F6 /* Build configuration list for PBXNativeTarget "AppScripPracticalTests" */ = {
			isa = XCConfigurationList;
			buildConfigurations = (
				D6BA76502575637500A105F6 /* Debug */,
				D6BA76512575637500A105F6 /* Release */,
			);
			defaultConfigurationIsVisible = 0;
			defaultConfigurationName = Release;
		};
		D6BA76522575637500A105F6 /* Build configuration list for PBXNativeTarget "AppScripPracticalUITests" */ = {
			isa = XCConfigurationList;
			buildConfigurations = (
				D6BA76532575637500A105F6 /* Debug */,
				D6BA76542575637500A105F6 /* Release */,
			);
			defaultConfigurationIsVisible = 0;
			defaultConfigurationName = Release;
		};
/* End XCConfigurationList section */
	};
	rootObject = D6BA761A2575637300A105F6 /* Project object */;
}
